
Microsoft Visual Studio Solution File, Format Version 12.00
# Visual Studio Version 17
VisualStudioVersion = 17.5.33414.496
MinimumVisualStudioVersion = 10.0.40219.1
Project("{8BC9CEB8-8B4A-11D0-8D11-00A0C91BC942}") = "P1035", "P1035.vcxproj", "{FCA06B63-BA4B-4453-A020-EBBC80D9FBA1}"
EndProject
Global
	GlobalSection(SolutionConfigurationPlatforms) = preSolution
		Debug|x64 = Debug|x64
		Debug|x86 = Debug|x86
		Release|x64 = Release|x64
		Release|x86 = Release|x86
	EndGlobalSection
	GlobalSection(ProjectConfigurationPlatforms) = postSolution
		{FCA06B63-BA4B-4453-A020-EBBC80D9FBA1}.Debug|x64.ActiveCfg = Debug|x64
		{FCA06B63-BA4B-4453-A020-EBBC80D9FBA1}.Debug|x64.Build.0 = Debug|x64
		{FCA06B63-BA4B-4453-A020-EBBC80D9FBA1}.Debug|x86.ActiveCfg = Debug|Win32
		{FCA06B63-BA4B-4453-A020-EBBC80D9FBA1}.Debug|x86.Build.0 = Debug|Win32
		{FCA06B63-BA4B-4453-A020-EBBC80D9FBA1}.Release|x64.ActiveCfg = Release|x64
		{FCA06B63-BA4B-4453-A020-EBBC80D9FBA1}.Release|x64.Build.0 = Release|x64
		{FCA06B63-BA4B-4453-A020-EBBC80D9FBA1}.Release|x86.ActiveCfg = Release|Win32
		{FCA06B63-BA4B-4453-A020-EBBC80D9FBA1}.Release|x86.Build.0 = Release|Win32
	EndGlobalSection
	GlobalSection(SolutionProperties) = preSolution
		HideSolutionNode = FALSE
	EndGlobalSection
	GlobalSection(ExtensibilityGlobals) = postSolution
		SolutionGuid = {8A6D0B5B-A3D3-4A89-BE90-AC353BC017E6}
	EndGlobalSection
EndGlobal
