
Microsoft Visual Studio Solution File, Format Version 12.00
# Visual Studio Version 17
VisualStudioVersion = 17.9.34616.47
MinimumVisualStudioVersion = 10.0.40219.1
Project("{8BC9CEB8-8B4A-11D0-8D11-00A0C91BC942}") = "lc495", "lc495.vcxproj", "{BFA7FCEA-AFDF-45F8-971C-4F8583541CE7}"
EndProject
Global
	GlobalSection(SolutionConfigurationPlatforms) = preSolution
		Debug|x64 = Debug|x64
		Debug|x86 = Debug|x86
		Release|x64 = Release|x64
		Release|x86 = Release|x86
	EndGlobalSection
	GlobalSection(ProjectConfigurationPlatforms) = postSolution
		{BFA7FCEA-AFDF-45F8-971C-4F8583541CE7}.Debug|x64.ActiveCfg = Debug|x64
		{BFA7FCEA-AFDF-45F8-971C-4F8583541CE7}.Debug|x64.Build.0 = Debug|x64
		{BFA7FCEA-AFDF-45F8-971C-4F8583541CE7}.Debug|x86.ActiveCfg = Debug|Win32
		{BFA7FCEA-AFDF-45F8-971C-4F8583541CE7}.Debug|x86.Build.0 = Debug|Win32
		{BFA7FCEA-AFDF-45F8-971C-4F8583541CE7}.Release|x64.ActiveCfg = Release|x64
		{BFA7FCEA-AFDF-45F8-971C-4F8583541CE7}.Release|x64.Build.0 = Release|x64
		{BFA7FCEA-AFDF-45F8-971C-4F8583541CE7}.Release|x86.ActiveCfg = Release|Win32
		{BFA7FCEA-AFDF-45F8-971C-4F8583541CE7}.Release|x86.Build.0 = Release|Win32
	EndGlobalSection
	GlobalSection(SolutionProperties) = preSolution
		HideSolutionNode = FALSE
	EndGlobalSection
	GlobalSection(ExtensibilityGlobals) = postSolution
		SolutionGuid = {712F7087-0B37-4371-B57B-00F3A9000099}
	EndGlobalSection
EndGlobal
