
Microsoft Visual Studio Solution File, Format Version 12.00
# Visual Studio Version 17
VisualStudioVersion = 17.5.33414.496
MinimumVisualStudioVersion = 10.0.40219.1
Project("{8BC9CEB8-8B4A-11D0-8D11-00A0C91BC942}") = "P9913", "P9913.vcxproj", "{B71AC40B-789B-4035-A274-28519B3237E0}"
EndProject
Global
	GlobalSection(SolutionConfigurationPlatforms) = preSolution
		Debug|x64 = Debug|x64
		Debug|x86 = Debug|x86
		Release|x64 = Release|x64
		Release|x86 = Release|x86
	EndGlobalSection
	GlobalSection(ProjectConfigurationPlatforms) = postSolution
		{B71AC40B-789B-4035-A274-28519B3237E0}.Debug|x64.ActiveCfg = Debug|x64
		{B71AC40B-789B-4035-A274-28519B3237E0}.Debug|x64.Build.0 = Debug|x64
		{B71AC40B-789B-4035-A274-28519B3237E0}.Debug|x86.ActiveCfg = Debug|Win32
		{B71AC40B-789B-4035-A274-28519B3237E0}.Debug|x86.Build.0 = Debug|Win32
		{B71AC40B-789B-4035-A274-28519B3237E0}.Release|x64.ActiveCfg = Release|x64
		{B71AC40B-789B-4035-A274-28519B3237E0}.Release|x64.Build.0 = Release|x64
		{B71AC40B-789B-4035-A274-28519B3237E0}.Release|x86.ActiveCfg = Release|Win32
		{B71AC40B-789B-4035-A274-28519B3237E0}.Release|x86.Build.0 = Release|Win32
	EndGlobalSection
	GlobalSection(SolutionProperties) = preSolution
		HideSolutionNode = FALSE
	EndGlobalSection
	GlobalSection(ExtensibilityGlobals) = postSolution
		SolutionGuid = {D14E4E2B-68C1-44EA-AC82-A19B5D669663}
	EndGlobalSection
EndGlobal
